
Microsoft Visual Studio Solution File, Format Version 12.00
# Visual Studio Version 17
VisualStudioVersion = 17.1.32319.34
MinimumVisualStudioVersion = 10.0.40219.1
Project("{9A19103F-16F7-4668-BE54-9A1E7A4F7556}") = "ECommerce", "ECommerce\ECommerce.csproj", "{650F7EDB-9786-4E4A-9E9C-117D5A69410F}"
EndProject
Global
	GlobalSection(SolutionConfigurationPlatforms) = preSolution
		Debug|Any CPU = Debug|Any CPU
		Release|Any CPU = Release|Any CPU
	EndGlobalSection
	GlobalSection(ProjectConfigurationPlatforms) = postSolution
		{650F7EDB-9786-4E4A-9E9C-117D5A69410F}.Debug|Any CPU.ActiveCfg = Debug|Any CPU
		{650F7EDB-9786-4E4A-9E9C-117D5A69410F}.Debug|Any CPU.Build.0 = Debug|Any CPU
		{650F7EDB-9786-4E4A-9E9C-117D5A69410F}.Release|Any CPU.ActiveCfg = Release|Any CPU
		{650F7EDB-9786-4E4A-9E9C-117D5A69410F}.Release|Any CPU.Build.0 = Release|Any CPU
	EndGlobalSection
	GlobalSection(SolutionProperties) = preSolution
		HideSolutionNode = FALSE
	EndGlobalSection
	GlobalSection(ExtensibilityGlobals) = postSolution
		SolutionGuid = {10E3C3F7-12DD-454C-8B42-D21A7949EAB1}
	EndGlobalSection
EndGlobal
